
Microsoft Visual Studio Solution File, Format Version 12.00
# Visual Studio Version 16
VisualStudioVersion = 16.0.29001.49
MinimumVisualStudioVersion = 10.0.40219.1
Project("{9A19103F-16F7-4668-BE54-9A1E7A4F7556}") = "Nterranoha.Marketdata", "Nterranoha.Marketdata\Nterranoha.Marketdata.csproj", "{66778D81-0E0F-4F0F-8A36-F10AC38F7F78}"
EndProject
Project("{9A19103F-16F7-4668-BE54-9A1E7A4F7556}") = "Nterranoha.Execution", "Nterranoha.Execution\Nterranoha.Execution.csproj", "{8BAD8719-BAD1-4EA0-B14C-685999152580}"
EndProject
Global
	GlobalSection(SolutionConfigurationPlatforms) = preSolution
		Debug|Any CPU = Debug|Any CPU
		Release|Any CPU = Release|Any CPU
	EndGlobalSection
	GlobalSection(ProjectConfigurationPlatforms) = postSolution
		{66778D81-0E0F-4F0F-8A36-F10AC38F7F78}.Debug|Any CPU.ActiveCfg = Debug|Any CPU
		{66778D81-0E0F-4F0F-8A36-F10AC38F7F78}.Debug|Any CPU.Build.0 = Debug|Any CPU
		{66778D81-0E0F-4F0F-8A36-F10AC38F7F78}.Release|Any CPU.ActiveCfg = Release|Any CPU
		{66778D81-0E0F-4F0F-8A36-F10AC38F7F78}.Release|Any CPU.Build.0 = Release|Any CPU
		{8BAD8719-BAD1-4EA0-B14C-685999152580}.Debug|Any CPU.ActiveCfg = Debug|Any CPU
		{8BAD8719-BAD1-4EA0-B14C-685999152580}.Debug|Any CPU.Build.0 = Debug|Any CPU
		{8BAD8719-BAD1-4EA0-B14C-685999152580}.Release|Any CPU.ActiveCfg = Release|Any CPU
		{8BAD8719-BAD1-4EA0-B14C-685999152580}.Release|Any CPU.Build.0 = Release|Any CPU
	EndGlobalSection
	GlobalSection(SolutionProperties) = preSolution
		HideSolutionNode = FALSE
	EndGlobalSection
	GlobalSection(ExtensibilityGlobals) = postSolution
		SolutionGuid = {6C4BF906-E6CF-42E8-8408-83A3EA81F2B4}
	EndGlobalSection
EndGlobal
